// !$*UTF8*$!
{
	archiveVersion = 1;
	classes = {
	};
	objectVersion = 56;
	objects = {

/* Begin PBXBuildFile section */
		1A0000110000000000000000 /* YearProgressApp.swift in Sources */ = {isa = PBXBuildFile; fileRef = 1A0000010000000000000000 /* YearProgressApp.swift */; };
		1A0000120000000000000000 /* ContentView.swift in Sources */ = {isa = PBXBuildFile; fileRef = 1A0000020000000000000000 /* ContentView.swift */; };
		1A0000130000000000000000 /* ProgressMode.swift in Sources */ = {isa = PBXBuildFile; fileRef = 1A0000030000000000000000 /* ProgressMode.swift */; };
		1A0000140000000000000000 /* ProgressUnit.swift in Sources */ = {isa = PBXBuildFile; fileRef = 1A0000040000000000000000 /* ProgressUnit.swift */; };
		1A0000150000000000000000 /* YearProgressCalculator.swift in Sources */ = {isa = PBXBuildFile; fileRef = 1A0000050000000000000000 /* YearProgressCalculator.swift */; };
		1A0000160000000000000000 /* YearProgressDashboard.swift in Sources */ = {isa = PBXBuildFile; fileRef = 1A0000060000000000000000 /* YearProgressDashboard.swift */; };
		1A0000170000000000000000 /* LinearProgressListView.swift in Sources */ = {isa = PBXBuildFile; fileRef = 1A0000070000000000000000 /* LinearProgressListView.swift */; };
		1A0000180000000000000000 /* ProgressBar.swift in Sources */ = {isa = PBXBuildFile; fileRef = 1A0000080000000000000000 /* ProgressBar.swift */; };
		1A0000190000000000000000 /* UnitGridProgressView.swift in Sources */ = {isa = PBXBuildFile; fileRef = 1A0000090000000000000000 /* UnitGridProgressView.swift */; };
		1A00001A0000000000000000 /* DayYearGridView.swift in Sources */ = {isa = PBXBuildFile; fileRef = 1A00000A0000000000000000 /* DayYearGridView.swift */; };
		1A00001B0000000000000000 /* ProgressVisualStyle.swift in Sources */ = {isa = PBXBuildFile; fileRef = 1A00000B0000000000000000 /* ProgressVisualStyle.swift */; };
		1A00001C0000000000000000 /* Year-Progress.icon in Resources */ = {isa = PBXBuildFile; fileRef = 1A00000C0000000000000000 /* Year-Progress.icon */; };
		1A0001100000000000000000 /* YearProgressWidgetBundle.swift in Sources */ = {isa = PBXBuildFile; fileRef = 1A0001000000000000000000 /* YearProgressWidgetBundle.swift */; };
		1A0001110000000000000000 /* YearProgressWidget.swift in Sources */ = {isa = PBXBuildFile; fileRef = 1A0001010000000000000000 /* YearProgressWidget.swift */; };
		1A0001120000000000000000 /* ProgressMode.swift in Sources */ = {isa = PBXBuildFile; fileRef = 1A0000030000000000000000 /* ProgressMode.swift */; };
		1A0001130000000000000000 /* ProgressUnit.swift in Sources */ = {isa = PBXBuildFile; fileRef = 1A0000040000000000000000 /* ProgressUnit.swift */; };
		1A0001140000000000000000 /* YearProgressCalculator.swift in Sources */ = {isa = PBXBuildFile; fileRef = 1A0000050000000000000000 /* YearProgressCalculator.swift */; };
		1A0001150000000000000000 /* ProgressVisualStyle.swift in Sources */ = {isa = PBXBuildFile; fileRef = 1A00000B0000000000000000 /* ProgressVisualStyle.swift */; };
		1A0001160000000000000000 /* YearProgressWidgetExtension.appex in Embed Foundation Extensions */ = {isa = PBXBuildFile; fileRef = 1A0001200000000000000000 /* YearProgressWidgetExtension.appex */; settings = {ATTRIBUTES = (RemoveHeadersOnCopy, ); }; };
/* End PBXBuildFile section */

/* Begin PBXContainerItemProxy section */
		1A0001170000000000000000 /* PBXContainerItemProxy */ = {
			isa = PBXContainerItemProxy;
			containerPortal = 1A0000700000000000000000 /* Project object */;
			proxyType = 1;
			remoteGlobalIDString = 1A0001500000000000000000;
			remoteInfo = YearProgressWidgetExtension;
		};
/* End PBXContainerItemProxy section */

/* Begin PBXCopyFilesBuildPhase section */
		1A0001180000000000000000 /* Embed Foundation Extensions */ = {
			isa = PBXCopyFilesBuildPhase;
			buildActionMask = 2147483647;
			dstPath = "";
			dstSubfolderSpec = 13;
			files = (
				1A0001160000000000000000 /* YearProgressWidgetExtension.appex in Embed Foundation Extensions */,
			);
			name = "Embed Foundation Extensions";
			runOnlyForDeploymentPostprocessing = 0;
		};
/* End PBXCopyFilesBuildPhase section */

/* Begin PBXFileReference section */
		1A0000010000000000000000 /* YearProgressApp.swift */ = {isa = PBXFileReference; lastKnownFileType = sourcecode.swift; path = YearProgressApp.swift; sourceTree = "<group>"; };
		1A0000020000000000000000 /* ContentView.swift */ = {isa = PBXFileReference; lastKnownFileType = sourcecode.swift; path = ContentView.swift; sourceTree = "<group>"; };
		1A0000030000000000000000 /* ProgressMode.swift */ = {isa = PBXFileReference; lastKnownFileType = sourcecode.swift; path = ProgressMode.swift; sourceTree = "<group>"; };
		1A0000040000000000000000 /* ProgressUnit.swift */ = {isa = PBXFileReference; lastKnownFileType = sourcecode.swift; path = ProgressUnit.swift; sourceTree = "<group>"; };
		1A0000050000000000000000 /* YearProgressCalculator.swift */ = {isa = PBXFileReference; lastKnownFileType = sourcecode.swift; path = YearProgressCalculator.swift; sourceTree = "<group>"; };
		1A0000060000000000000000 /* YearProgressDashboard.swift */ = {isa = PBXFileReference; lastKnownFileType = sourcecode.swift; path = YearProgressDashboard.swift; sourceTree = "<group>"; };
		1A0000070000000000000000 /* LinearProgressListView.swift */ = {isa = PBXFileReference; lastKnownFileType = sourcecode.swift; path = LinearProgressListView.swift; sourceTree = "<group>"; };
		1A0000080000000000000000 /* ProgressBar.swift */ = {isa = PBXFileReference; lastKnownFileType = sourcecode.swift; path = ProgressBar.swift; sourceTree = "<group>"; };
		1A0000090000000000000000 /* UnitGridProgressView.swift */ = {isa = PBXFileReference; lastKnownFileType = sourcecode.swift; path = UnitGridProgressView.swift; sourceTree = "<group>"; };
		1A00000A0000000000000000 /* DayYearGridView.swift */ = {isa = PBXFileReference; lastKnownFileType = sourcecode.swift; path = DayYearGridView.swift; sourceTree = "<group>"; };
		1A00000B0000000000000000 /* ProgressVisualStyle.swift */ = {isa = PBXFileReference; lastKnownFileType = sourcecode.swift; path = ProgressVisualStyle.swift; sourceTree = "<group>"; };
		1A00000C0000000000000000 /* Year-Progress.icon */ = {isa = PBXFileReference; lastKnownFileType = folder.iconcomposer.icon; path = "Year-Progress.icon"; sourceTree = "<group>"; };
		1A0000300000000000000000 /* YearProgress.app */ = {isa = PBXFileReference; explicitFileType = wrapper.application; includeInIndex = 0; path = YearProgress.app; sourceTree = BUILT_PRODUCTS_DIR; };
		1A0001000000000000000000 /* YearProgressWidgetBundle.swift */ = {isa = PBXFileReference; lastKnownFileType = sourcecode.swift; path = YearProgressWidgetBundle.swift; sourceTree = "<group>"; };
		1A0001010000000000000000 /* YearProgressWidget.swift */ = {isa = PBXFileReference; lastKnownFileType = sourcecode.swift; path = YearProgressWidget.swift; sourceTree = "<group>"; };
		1A0001030000000000000000 /* Info.plist */ = {isa = PBXFileReference; lastKnownFileType = text.plist.xml; path = Info.plist; sourceTree = "<group>"; };
		1A0001200000000000000000 /* YearProgressWidgetExtension.appex */ = {isa = PBXFileReference; explicitFileType = "wrapper.app-extension"; includeInIndex = 0; path = YearProgressWidgetExtension.appex; sourceTree = BUILT_PRODUCTS_DIR; };
/* End PBXFileReference section */

/* Begin PBXFrameworksBuildPhase section */
		1A0000310000000000000000 /* Frameworks */ = {
			isa = PBXFrameworksBuildPhase;
			buildActionMask = 2147483647;
			files = (
			);
			runOnlyForDeploymentPostprocessing = 0;
		};
		1A0001210000000000000000 /* Frameworks */ = {
			isa = PBXFrameworksBuildPhase;
			buildActionMask = 2147483647;
			files = (
			);
			runOnlyForDeploymentPostprocessing = 0;
		};
/* End PBXFrameworksBuildPhase section */

/* Begin PBXGroup section */
		1A0000400000000000000000 = {
			isa = PBXGroup;
			children = (
				1A0000410000000000000000 /* YearProgress */,
				1A0001020000000000000000 /* YearProgressWidget */,
				1A0000420000000000000000 /* Products */,
			);
			sourceTree = "<group>";
		};
		1A0000410000000000000000 /* YearProgress */ = {
			isa = PBXGroup;
			children = (
				1A0000010000000000000000 /* YearProgressApp.swift */,
				1A0000020000000000000000 /* ContentView.swift */,
				1A00000C0000000000000000 /* Year-Progress.icon */,
				1A0000430000000000000000 /* Models */,
				1A0000440000000000000000 /* Utilities */,
				1A0000450000000000000000 /* Views */,
			);
			path = YearProgress;
			sourceTree = "<group>";
		};
		1A0000420000000000000000 /* Products */ = {
			isa = PBXGroup;
			children = (
				1A0000300000000000000000 /* YearProgress.app */,
				1A0001200000000000000000 /* YearProgressWidgetExtension.appex */,
			);
			name = Products;
			sourceTree = "<group>";
		};
		1A0000430000000000000000 /* Models */ = {
			isa = PBXGroup;
			children = (
				1A0000030000000000000000 /* ProgressMode.swift */,
				1A0000040000000000000000 /* ProgressUnit.swift */,
			);
			path = Models;
			sourceTree = "<group>";
		};
		1A0000440000000000000000 /* Utilities */ = {
			isa = PBXGroup;
			children = (
				1A0000050000000000000000 /* YearProgressCalculator.swift */,
			);
			path = Utilities;
			sourceTree = "<group>";
		};
		1A0000450000000000000000 /* Views */ = {
			isa = PBXGroup;
			children = (
				1A0000060000000000000000 /* YearProgressDashboard.swift */,
				1A0000070000000000000000 /* LinearProgressListView.swift */,
				1A0000080000000000000000 /* ProgressBar.swift */,
				1A0000090000000000000000 /* UnitGridProgressView.swift */,
				1A00000A0000000000000000 /* DayYearGridView.swift */,
				1A00000B0000000000000000 /* ProgressVisualStyle.swift */,
			);
			path = Views;
			sourceTree = "<group>";
		};
		1A0001020000000000000000 /* YearProgressWidget */ = {
			isa = PBXGroup;
			children = (
				1A0001000000000000000000 /* YearProgressWidgetBundle.swift */,
				1A0001010000000000000000 /* YearProgressWidget.swift */,
				1A0001030000000000000000 /* Info.plist */,
			);
			path = YearProgressWidget;
			sourceTree = "<group>";
		};
/* End PBXGroup section */

/* Begin PBXNativeTarget section */
		1A0000500000000000000000 /* YearProgress */ = {
			isa = PBXNativeTarget;
			buildConfigurationList = 1A0000800000000000000000 /* Build configuration list for PBXNativeTarget "YearProgress" */;
			buildPhases = (
				1A0000600000000000000000 /* Sources */,
				1A0000310000000000000000 /* Frameworks */,
				1A0000610000000000000000 /* Resources */,
				1A0001180000000000000000 /* Embed Foundation Extensions */,
			);
			buildRules = (
			);
			dependencies = (
				1A0001190000000000000000 /* PBXTargetDependency */,
			);
			name = YearProgress;
			productName = YearProgress;
			productReference = 1A0000300000000000000000 /* YearProgress.app */;
			productType = "com.apple.product-type.application";
		};
		1A0001500000000000000000 /* YearProgressWidgetExtension */ = {
			isa = PBXNativeTarget;
			buildConfigurationList = 1A0001800000000000000000 /* Build configuration list for PBXNativeTarget "YearProgressWidgetExtension" */;
			buildPhases = (
				1A0001600000000000000000 /* Sources */,
				1A0001210000000000000000 /* Frameworks */,
				1A0001610000000000000000 /* Resources */,
			);
			buildRules = (
			);
			dependencies = (
			);
			name = YearProgressWidgetExtension;
			productName = YearProgressWidgetExtension;
			productReference = 1A0001200000000000000000 /* YearProgressWidgetExtension.appex */;
			productType = "com.apple.product-type.app-extension";
		};
/* End PBXNativeTarget section */

/* Begin PBXProject section */
		1A0000700000000000000000 /* Project object */ = {
			isa = PBXProject;
			attributes = {
				BuildIndependentTargetsInParallel = 1;
				LastSwiftUpdateCheck = 1600;
				LastUpgradeCheck = 2650;
				TargetAttributes = {
					1A0000500000000000000000 = {
						CreatedOnToolsVersion = 16.0;
					};
					1A0001500000000000000000 = {
						CreatedOnToolsVersion = 16.0;
					};
				};
			};
			buildConfigurationList = 1A0000710000000000000000 /* Build configuration list for PBXProject "YearProgress" */;
			compatibilityVersion = "Xcode 14.0";
			developmentRegion = en;
			hasScannedForEncodings = 0;
			knownRegions = (
				en,
				Base,
			);
			mainGroup = 1A0000400000000000000000;
			productRefGroup = 1A0000420000000000000000 /* Products */;
			projectDirPath = "";
			projectRoot = "";
			targets = (
				1A0000500000000000000000 /* YearProgress */,
				1A0001500000000000000000 /* YearProgressWidgetExtension */,
			);
		};
/* End PBXProject section */

/* Begin PBXResourcesBuildPhase section */
		1A0000610000000000000000 /* Resources */ = {
			isa = PBXResourcesBuildPhase;
			buildActionMask = 2147483647;
			files = (
				1A00001C0000000000000000 /* Year-Progress.icon in Resources */,
			);
			runOnlyForDeploymentPostprocessing = 0;
		};
		1A0001610000000000000000 /* Resources */ = {
			isa = PBXResourcesBuildPhase;
			buildActionMask = 2147483647;
			files = (
			);
			runOnlyForDeploymentPostprocessing = 0;
		};
/* End PBXResourcesBuildPhase section */

/* Begin PBXSourcesBuildPhase section */
		1A0000600000000000000000 /* Sources */ = {
			isa = PBXSourcesBuildPhase;
			buildActionMask = 2147483647;
			files = (
				1A0000110000000000000000 /* YearProgressApp.swift in Sources */,
				1A0000120000000000000000 /* ContentView.swift in Sources */,
				1A0000130000000000000000 /* ProgressMode.swift in Sources */,
				1A0000140000000000000000 /* ProgressUnit.swift in Sources */,
				1A0000150000000000000000 /* YearProgressCalculator.swift in Sources */,
				1A0000160000000000000000 /* YearProgressDashboard.swift in Sources */,
				1A0000170000000000000000 /* LinearProgressListView.swift in Sources */,
				1A0000180000000000000000 /* ProgressBar.swift in Sources */,
				1A0000190000000000000000 /* UnitGridProgressView.swift in Sources */,
				1A00001A0000000000000000 /* DayYearGridView.swift in Sources */,
				1A00001B0000000000000000 /* ProgressVisualStyle.swift in Sources */,
			);
			runOnlyForDeploymentPostprocessing = 0;
		};
		1A0001600000000000000000 /* Sources */ = {
			isa = PBXSourcesBuildPhase;
			buildActionMask = 2147483647;
			files = (
				1A0001100000000000000000 /* YearProgressWidgetBundle.swift in Sources */,
				1A0001110000000000000000 /* YearProgressWidget.swift in Sources */,
				1A0001120000000000000000 /* ProgressMode.swift in Sources */,
				1A0001130000000000000000 /* ProgressUnit.swift in Sources */,
				1A0001140000000000000000 /* YearProgressCalculator.swift in Sources */,
				1A0001150000000000000000 /* ProgressVisualStyle.swift in Sources */,
			);
			runOnlyForDeploymentPostprocessing = 0;
		};
/* End PBXSourcesBuildPhase section */

/* Begin PBXTargetDependency section */
		1A0001190000000000000000 /* PBXTargetDependency */ = {
			isa = PBXTargetDependency;
			target = 1A0001500000000000000000 /* YearProgressWidgetExtension */;
			targetProxy = 1A0001170000000000000000 /* PBXContainerItemProxy */;
		};
/* End PBXTargetDependency section */

/* Begin XCBuildConfiguration section */
		1A0000900000000000000000 /* Debug */ = {
			isa = XCBuildConfiguration;
			buildSettings = {
				ALWAYS_SEARCH_USER_PATHS = NO;
				ASSETCATALOG_COMPILER_GENERATE_SWIFT_ASSET_SYMBOL_EXTENSIONS = YES;
				CLANG_ANALYZER_NONNULL = YES;
				CLANG_ANALYZER_NUMBER_OBJECT_CONVERSION = YES_AGGRESSIVE;
				CLANG_CXX_LANGUAGE_STANDARD = "gnu++20";
				CLANG_ENABLE_MODULES = YES;
				CLANG_ENABLE_OBJC_ARC = YES;
				CLANG_ENABLE_OBJC_WEAK = YES;
				CLANG_WARN_BLOCK_CAPTURE_AUTORELEASING = YES;
				CLANG_WARN_BOOL_CONVERSION = YES;
				CLANG_WARN_COMMA = YES;
				CLANG_WARN_CONSTANT_CONVERSION = YES;
				CLANG_WARN_DEPRECATED_OBJC_IMPLEMENTATIONS = YES;
				CLANG_WARN_DIRECT_OBJC_ISA_USAGE = YES_ERROR;
				CLANG_WARN_DOCUMENTATION_COMMENTS = YES;
				CLANG_WARN_EMPTY_BODY = YES;
				CLANG_WARN_ENUM_CONVERSION = YES;
				CLANG_WARN_INFINITE_RECURSION = YES;
				CLANG_WARN_INT_CONVERSION = YES;
				CLANG_WARN_NON_LITERAL_NULL_CONVERSION = YES;
				CLANG_WARN_OBJC_IMPLICIT_RETAIN_SELF = YES;
				CLANG_WARN_OBJC_LITERAL_CONVERSION = YES;
				CLANG_WARN_OBJC_ROOT_CLASS = YES_ERROR;
				CLANG_WARN_QUOTED_INCLUDE_IN_FRAMEWORK_HEADER = YES;
				CLANG_WARN_RANGE_LOOP_ANALYSIS = YES;
				CLANG_WARN_STRICT_PROTOTYPES = YES;
				CLANG_WARN_SUSPICIOUS_MOVE = YES;
				CLANG_WARN_UNGUARDED_AVAILABILITY = YES_AGGRESSIVE;
				CLANG_WARN_UNREACHABLE_CODE = YES;
				CLANG_WARN__DUPLICATE_METHOD_MATCH = YES;
				COPY_PHASE_STRIP = NO;
				DEBUG_INFORMATION_FORMAT = dwarf;
				ENABLE_STRICT_OBJC_MSGSEND = YES;
				ENABLE_TESTABILITY = YES;
				ENABLE_USER_SCRIPT_SANDBOXING = YES;
				GCC_C_LANGUAGE_STANDARD = gnu17;
				GCC_DYNAMIC_NO_PIC = NO;
				GCC_NO_COMMON_BLOCKS = YES;
				GCC_OPTIMIZATION_LEVEL = 0;
				GCC_PREPROCESSOR_DEFINITIONS = (
					"DEBUG=1",
					"$(inherited)",
				);
				GCC_WARN_64_TO_32_BIT_CONVERSION = YES;
				GCC_WARN_ABOUT_RETURN_TYPE = YES_ERROR;
				GCC_WARN_UNDECLARED_SELECTOR = YES;
				GCC_WARN_UNINITIALIZED_AUTOS = YES_AGGRESSIVE;
				GCC_WARN_UNUSED_FUNCTION = YES;
				GCC_WARN_UNUSED_VARIABLE = YES;
				IPHONEOS_DEPLOYMENT_TARGET = 17.0;
				MTL_ENABLE_DEBUG_INFO = INCLUDE_SOURCE;
				MTL_FAST_MATH = YES;
				ONLY_ACTIVE_ARCH = YES;
				SDKROOT = iphoneos;
				STRING_CATALOG_GENERATE_SYMBOLS = YES;
				SWIFT_ACTIVE_COMPILATION_CONDITIONS = DEBUG;
				SWIFT_OPTIMIZATION_LEVEL = "-Onone";
			};
			name = Debug;
		};
		1A0000910000000000000000 /* Release */ = {
			isa = XCBuildConfiguration;
			buildSettings = {
				ALWAYS_SEARCH_USER_PATHS = NO;
				ASSETCATALOG_COMPILER_GENERATE_SWIFT_ASSET_SYMBOL_EXTENSIONS = YES;
				CLANG_ANALYZER_NONNULL = YES;
				CLANG_ANALYZER_NUMBER_OBJECT_CONVERSION = YES_AGGRESSIVE;
				CLANG_CXX_LANGUAGE_STANDARD = "gnu++20";
				CLANG_ENABLE_MODULES = YES;
				CLANG_ENABLE_OBJC_ARC = YES;
				CLANG_ENABLE_OBJC_WEAK = YES;
				CLANG_WARN_BLOCK_CAPTURE_AUTORELEASING = YES;
				CLANG_WARN_BOOL_CONVERSION = YES;
				CLANG_WARN_COMMA = YES;
				CLANG_WARN_CONSTANT_CONVERSION = YES;
				CLANG_WARN_DEPRECATED_OBJC_IMPLEMENTATIONS = YES;
				CLANG_WARN_DIRECT_OBJC_ISA_USAGE = YES_ERROR;
				CLANG_WARN_DOCUMENTATION_COMMENTS = YES;
				CLANG_WARN_EMPTY_BODY = YES;
				CLANG_WARN_ENUM_CONVERSION = YES;
				CLANG_WARN_INFINITE_RECURSION = YES;
				CLANG_WARN_INT_CONVERSION = YES;
				CLANG_WARN_NON_LITERAL_NULL_CONVERSION = YES;
				CLANG_WARN_OBJC_IMPLICIT_RETAIN_SELF = YES;
				CLANG_WARN_OBJC_LITERAL_CONVERSION = YES;
				CLANG_WARN_OBJC_ROOT_CLASS = YES_ERROR;
				CLANG_WARN_QUOTED_INCLUDE_IN_FRAMEWORK_HEADER = YES;
				CLANG_WARN_RANGE_LOOP_ANALYSIS = YES;
				CLANG_WARN_STRICT_PROTOTYPES = YES;
				CLANG_WARN_SUSPICIOUS_MOVE = YES;
				CLANG_WARN_UNGUARDED_AVAILABILITY = YES_AGGRESSIVE;
				CLANG_WARN_UNREACHABLE_CODE = YES;
				CLANG_WARN__DUPLICATE_METHOD_MATCH = YES;
				COPY_PHASE_STRIP = NO;
				DEBUG_INFORMATION_FORMAT = "dwarf-with-dsym";
				ENABLE_NS_ASSERTIONS = NO;
				ENABLE_STRICT_OBJC_MSGSEND = YES;
				ENABLE_USER_SCRIPT_SANDBOXING = YES;
				GCC_C_LANGUAGE_STANDARD = gnu17;
				GCC_NO_COMMON_BLOCKS = YES;
				GCC_WARN_64_TO_32_BIT_CONVERSION = YES;
				GCC_WARN_ABOUT_RETURN_TYPE = YES_ERROR;
				GCC_WARN_UNDECLARED_SELECTOR = YES;
				GCC_WARN_UNINITIALIZED_AUTOS = YES_AGGRESSIVE;
				GCC_WARN_UNUSED_FUNCTION = YES;
				GCC_WARN_UNUSED_VARIABLE = YES;
				IPHONEOS_DEPLOYMENT_TARGET = 17.0;
				MTL_ENABLE_DEBUG_INFO = NO;
				MTL_FAST_MATH = YES;
				SDKROOT = iphoneos;
				STRING_CATALOG_GENERATE_SYMBOLS = YES;
				SWIFT_COMPILATION_MODE = wholemodule;
				VALIDATE_PRODUCT = YES;
			};
			name = Release;
		};
		1A0000920000000000000000 /* Debug */ = {
			isa = XCBuildConfiguration;
			buildSettings = {
				ASSETCATALOG_COMPILER_APPICON_NAME = "Year-Progress";
				CODE_SIGN_STYLE = Automatic;
				CURRENT_PROJECT_VERSION = 1;
				DEVELOPMENT_ASSET_PATHS = "";
				DEVELOPMENT_TEAM = FQ3QF77CQR;
				GENERATE_INFOPLIST_FILE = YES;
				INFOPLIST_KEY_CFBundleDisplayName = "Year Progress";
				INFOPLIST_KEY_LSApplicationCategoryType = "public.app-category.productivity";
				INFOPLIST_KEY_UIApplicationSceneManifest_Generation = YES;
				INFOPLIST_KEY_UIApplicationSupportsIndirectInputEvents = YES;
				INFOPLIST_KEY_UILaunchScreen_Generation = YES;
				INFOPLIST_KEY_UISupportedInterfaceOrientations_iPad = "UIInterfaceOrientationPortrait UIInterfaceOrientationPortraitUpsideDown UIInterfaceOrientationLandscapeLeft UIInterfaceOrientationLandscapeRight";
				INFOPLIST_KEY_UISupportedInterfaceOrientations_iPhone = "UIInterfaceOrientationPortrait UIInterfaceOrientationLandscapeLeft UIInterfaceOrientationLandscapeRight";
				LD_RUNPATH_SEARCH_PATHS = (
					"$(inherited)",
					"@executable_path/Frameworks",
				);
				MARKETING_VERSION = 1.0;
				PRODUCT_BUNDLE_IDENTIFIER = com.example.YearProgress;
				PRODUCT_NAME = "$(TARGET_NAME)";
				SUPPORTED_PLATFORMS = "iphoneos iphonesimulator";
				SUPPORTS_MACCATALYST = NO;
				SUPPORTS_MAC_DESIGNED_FOR_IPHONE_IPAD = NO;
				SWIFT_EMIT_LOC_STRINGS = YES;
				SWIFT_VERSION = 5.0;
				TARGETED_DEVICE_FAMILY = "1,2";
			};
			name = Debug;
		};
		1A0000930000000000000000 /* Release */ = {
			isa = XCBuildConfiguration;
			buildSettings = {
				ASSETCATALOG_COMPILER_APPICON_NAME = "Year-Progress";
				CODE_SIGN_STYLE = Automatic;
				CURRENT_PROJECT_VERSION = 1;
				DEVELOPMENT_ASSET_PATHS = "";
				DEVELOPMENT_TEAM = FQ3QF77CQR;
				GENERATE_INFOPLIST_FILE = YES;
				INFOPLIST_KEY_CFBundleDisplayName = "Year Progress";
				INFOPLIST_KEY_LSApplicationCategoryType = "public.app-category.productivity";
				INFOPLIST_KEY_UIApplicationSceneManifest_Generation = YES;
				INFOPLIST_KEY_UIApplicationSupportsIndirectInputEvents = YES;
				INFOPLIST_KEY_UILaunchScreen_Generation = YES;
				INFOPLIST_KEY_UISupportedInterfaceOrientations_iPad = "UIInterfaceOrientationPortrait UIInterfaceOrientationPortraitUpsideDown UIInterfaceOrientationLandscapeLeft UIInterfaceOrientationLandscapeRight";
				INFOPLIST_KEY_UISupportedInterfaceOrientations_iPhone = "UIInterfaceOrientationPortrait UIInterfaceOrientationLandscapeLeft UIInterfaceOrientationLandscapeRight";
				LD_RUNPATH_SEARCH_PATHS = (
					"$(inherited)",
					"@executable_path/Frameworks",
				);
				MARKETING_VERSION = 1.0;
				PRODUCT_BUNDLE_IDENTIFIER = com.example.YearProgress;
				PRODUCT_NAME = "$(TARGET_NAME)";
				SUPPORTED_PLATFORMS = "iphoneos iphonesimulator";
				SUPPORTS_MACCATALYST = NO;
				SUPPORTS_MAC_DESIGNED_FOR_IPHONE_IPAD = NO;
				SWIFT_EMIT_LOC_STRINGS = YES;
				SWIFT_VERSION = 5.0;
				TARGETED_DEVICE_FAMILY = "1,2";
			};
			name = Release;
		};
		1A0001900000000000000000 /* Debug */ = {
			isa = XCBuildConfiguration;
			buildSettings = {
				APPLICATION_EXTENSION_API_ONLY = YES;
				CODE_SIGN_STYLE = Automatic;
				CURRENT_PROJECT_VERSION = 1;
				DEVELOPMENT_TEAM = FQ3QF77CQR;
				GENERATE_INFOPLIST_FILE = NO;
				INFOPLIST_FILE = YearProgressWidget/Info.plist;
				IPHONEOS_DEPLOYMENT_TARGET = 17.0;
				LD_RUNPATH_SEARCH_PATHS = (
					"$(inherited)",
					"@executable_path/Frameworks",
					"@executable_path/../../Frameworks",
				);
				MARKETING_VERSION = 1.0;
				PRODUCT_BUNDLE_IDENTIFIER = com.example.YearProgress.YearProgressWidgetExtension;
				PRODUCT_NAME = "$(TARGET_NAME)";
				SKIP_INSTALL = YES;
				SUPPORTED_PLATFORMS = "iphoneos iphonesimulator";
				SUPPORTS_MACCATALYST = NO;
				SUPPORTS_MAC_DESIGNED_FOR_IPHONE_IPAD = NO;
				SWIFT_EMIT_LOC_STRINGS = YES;
				SWIFT_VERSION = 5.0;
				TARGETED_DEVICE_FAMILY = "1,2";
			};
			name = Debug;
		};
		1A0001910000000000000000 /* Release */ = {
			isa = XCBuildConfiguration;
			buildSettings = {
				APPLICATION_EXTENSION_API_ONLY = YES;
				CODE_SIGN_STYLE = Automatic;
				CURRENT_PROJECT_VERSION = 1;
				DEVELOPMENT_TEAM = FQ3QF77CQR;
				GENERATE_INFOPLIST_FILE = NO;
				INFOPLIST_FILE = YearProgressWidget/Info.plist;
				IPHONEOS_DEPLOYMENT_TARGET = 17.0;
				LD_RUNPATH_SEARCH_PATHS = (
					"$(inherited)",
					"@executable_path/Frameworks",
					"@executable_path/../../Frameworks",
				);
				MARKETING_VERSION = 1.0;
				PRODUCT_BUNDLE_IDENTIFIER = com.example.YearProgress.YearProgressWidgetExtension;
				PRODUCT_NAME = "$(TARGET_NAME)";
				SKIP_INSTALL = YES;
				SUPPORTED_PLATFORMS = "iphoneos iphonesimulator";
				SUPPORTS_MACCATALYST = NO;
				SUPPORTS_MAC_DESIGNED_FOR_IPHONE_IPAD = NO;
				SWIFT_EMIT_LOC_STRINGS = YES;
				SWIFT_VERSION = 5.0;
				TARGETED_DEVICE_FAMILY = "1,2";
			};
			name = Release;
		};
/* End XCBuildConfiguration section */

/* Begin XCConfigurationList section */
		1A0000710000000000000000 /* Build configuration list for PBXProject "YearProgress" */ = {
			isa = XCConfigurationList;
			buildConfigurations = (
				1A0000900000000000000000 /* Debug */,
				1A0000910000000000000000 /* Release */,
			);
			defaultConfigurationIsVisible = 0;
			defaultConfigurationName = Release;
		};
		1A0000800000000000000000 /* Build configuration list for PBXNativeTarget "YearProgress" */ = {
			isa = XCConfigurationList;
			buildConfigurations = (
				1A0000920000000000000000 /* Debug */,
				1A0000930000000000000000 /* Release */,
			);
			defaultConfigurationIsVisible = 0;
			defaultConfigurationName = Release;
		};
		1A0001800000000000000000 /* Build configuration list for PBXNativeTarget "YearProgressWidgetExtension" */ = {
			isa = XCConfigurationList;
			buildConfigurations = (
				1A0001900000000000000000 /* Debug */,
				1A0001910000000000000000 /* Release */,
			);
			defaultConfigurationIsVisible = 0;
			defaultConfigurationName = Release;
		};
/* End XCConfigurationList section */
	};
	rootObject = 1A0000700000000000000000 /* Project object */;
}
